
Microsoft Visual Studio Solution File, Format Version 12.00
# Visual Studio Version 16
VisualStudioVersion = 16.0.31025.194
MinimumVisualStudioVersion = 10.0.40219.1
Project("{FAE04EC0-301F-11D3-BF4B-00C04F79EFBC}") = "Physarum", "Physarum\Physarum.csproj", "{6558AA45-E4A1-4C66-83A2-19D3FDD7B19C}"
EndProject
Global
	GlobalSection(SolutionConfigurationPlatforms) = preSolution
		Debug|Any CPU = Debug|Any CPU
		Release|Any CPU = Release|Any CPU
	EndGlobalSection
	GlobalSection(ProjectConfigurationPlatforms) = postSolution
		{6558AA45-E4A1-4C66-83A2-19D3FDD7B19C}.Debug|Any CPU.ActiveCfg = Debug|Any CPU
		{6558AA45-E4A1-4C66-83A2-19D3FDD7B19C}.Debug|Any CPU.Build.0 = Debug|Any CPU
		{6558AA45-E4A1-4C66-83A2-19D3FDD7B19C}.Release|Any CPU.ActiveCfg = Release|Any CPU
		{6558AA45-E4A1-4C66-83A2-19D3FDD7B19C}.Release|Any CPU.Build.0 = Release|Any CPU
	EndGlobalSection
	GlobalSection(SolutionProperties) = preSolution
		HideSolutionNode = FALSE
	EndGlobalSection
	GlobalSection(ExtensibilityGlobals) = postSolution
		SolutionGuid = {AF576D39-5D74-48DC-B1D3-F22C25519EB3}
	EndGlobalSection
EndGlobal
